
Microsoft Visual Studio Solution File, Format Version 12.00
# Visual Studio Version 17
VisualStudioVersion = 17.4.33213.308
MinimumVisualStudioVersion = 10.0.40219.1
Project("{FAE04EC0-301F-11D3-BF4B-00C04F79EFBC}") = "voting", "voting\voting.csproj", "{F9767322-208A-46F9-942F-27245F5682DA}"
EndProject
Global
	GlobalSection(SolutionConfigurationPlatforms) = preSolution
		Debug|Any CPU = Debug|Any CPU
		Release|Any CPU = Release|Any CPU
	EndGlobalSection
	GlobalSection(ProjectConfigurationPlatforms) = postSolution
		{F9767322-208A-46F9-942F-27245F5682DA}.Debug|Any CPU.ActiveCfg = Debug|Any CPU
		{F9767322-208A-46F9-942F-27245F5682DA}.Debug|Any CPU.Build.0 = Debug|Any CPU
		{F9767322-208A-46F9-942F-27245F5682DA}.Release|Any CPU.ActiveCfg = Release|Any CPU
		{F9767322-208A-46F9-942F-27245F5682DA}.Release|Any CPU.Build.0 = Release|Any CPU
	EndGlobalSection
	GlobalSection(SolutionProperties) = preSolution
		HideSolutionNode = FALSE
	EndGlobalSection
	GlobalSection(ExtensibilityGlobals) = postSolution
		SolutionGuid = {DCDAC043-315F-4979-AF23-24F8A4CFB143}
	EndGlobalSection
EndGlobal
