
Microsoft Visual Studio Solution File, Format Version 12.00
# Visual Studio Version 17
VisualStudioVersion = 17.4.33213.308
MinimumVisualStudioVersion = 10.0.40219.1
Project("{FAE04EC0-301F-11D3-BF4B-00C04F79EFBC}") = "alan hesaplama", "alan hesaplama\alan hesaplama.csproj", "{7A81E09C-155E-47A0-A847-1E9904D99763}"
EndProject
Global
	GlobalSection(SolutionConfigurationPlatforms) = preSolution
		Debug|Any CPU = Debug|Any CPU
		Release|Any CPU = Release|Any CPU
	EndGlobalSection
	GlobalSection(ProjectConfigurationPlatforms) = postSolution
		{7A81E09C-155E-47A0-A847-1E9904D99763}.Debug|Any CPU.ActiveCfg = Debug|Any CPU
		{7A81E09C-155E-47A0-A847-1E9904D99763}.Debug|Any CPU.Build.0 = Debug|Any CPU
		{7A81E09C-155E-47A0-A847-1E9904D99763}.Release|Any CPU.ActiveCfg = Release|Any CPU
		{7A81E09C-155E-47A0-A847-1E9904D99763}.Release|Any CPU.Build.0 = Release|Any CPU
	EndGlobalSection
	GlobalSection(SolutionProperties) = preSolution
		HideSolutionNode = FALSE
	EndGlobalSection
	GlobalSection(ExtensibilityGlobals) = postSolution
		SolutionGuid = {041DAB3A-D7DF-4036-926B-B06FA11BF389}
	EndGlobalSection
EndGlobal
