
Microsoft Visual Studio Solution File, Format Version 12.00
# Visual Studio Version 17
VisualStudioVersion = 17.4.33213.308
MinimumVisualStudioVersion = 10.0.40219.1
Project("{FAE04EC0-301F-11D3-BF4B-00C04F79EFBC}") = "prg", "prg\prg.csproj", "{A8C2302E-EA3E-4A95-A590-E64858CF8FB8}"
EndProject
Global
	GlobalSection(SolutionConfigurationPlatforms) = preSolution
		Debug|Any CPU = Debug|Any CPU
		Release|Any CPU = Release|Any CPU
	EndGlobalSection
	GlobalSection(ProjectConfigurationPlatforms) = postSolution
		{A8C2302E-EA3E-4A95-A590-E64858CF8FB8}.Debug|Any CPU.ActiveCfg = Debug|Any CPU
		{A8C2302E-EA3E-4A95-A590-E64858CF8FB8}.Debug|Any CPU.Build.0 = Debug|Any CPU
		{A8C2302E-EA3E-4A95-A590-E64858CF8FB8}.Release|Any CPU.ActiveCfg = Release|Any CPU
		{A8C2302E-EA3E-4A95-A590-E64858CF8FB8}.Release|Any CPU.Build.0 = Release|Any CPU
	EndGlobalSection
	GlobalSection(SolutionProperties) = preSolution
		HideSolutionNode = FALSE
	EndGlobalSection
	GlobalSection(ExtensibilityGlobals) = postSolution
		SolutionGuid = {92ECA26C-8104-4C62-9D02-411DDEE5659E}
	EndGlobalSection
EndGlobal
